<?xml version="1.0" encoding="UTF-8" standalone="yes" ?>
<CodeBlocks_project_file>
	<FileVersion major="1" minor="6" />
	<Project>
		<Option title="lab5" />
		<Option pch_mode="2" />
		<Option compiler="gcc" />
		<Build>
			<Target title="Debug">
				<Option output="lab5" prefix_auto="1" extension_auto="1" />
				<Option object_output="obj\Debug\" />
				<Option type="1" />
				<Option compiler="gcc" />
				<Option parameters='-config &quot;single.xml&quot;' />
				<Compiler>
					<Add option="-g" />
				</Compiler>
			</Target>
			<Target title="Release">
				<Option output="lab5" prefix_auto="1" extension_auto="1" />
				<Option object_output="obj\Release\" />
				<Option type="1" />
				<Option compiler="gcc" />
				<Option parameters="-config “single.xml”" />
				<Compiler>
					<Add option="-O2" />
				</Compiler>
				<Linker>
					<Add option="-s" />
				</Linker>
			</Target>
		</Build>
		<Compiler>
			<Add option="-Wall" />
			<Add option="-DGLEW_STATIC" />
			<Add option="-D__WIN32__" />
			<Add directory="C:\Program Files (x86)\SGCT\SGCT_0.9.4_x86\include" />
		</Compiler>
		<Linker>
			<Add option="-static-libgcc" />
			<Add option="-static-libstdc++" />
			<Add library="sgct32" />
			<Add library="opengl32" />
			<Add library="glu32" />
			<Add library="ws2_32" />
			<Add directory="C:\Program Files (x86)\SGCT\SGCT_0.9.4_x86\lib\mingw" />
		</Linker>
		<Unit filename="DrawableObject.cpp" />
		<Unit filename="DrawableObject.h" />
		<Unit filename="Entity3D.cpp" />
		<Unit filename="Entity3D.h" />
		<Unit filename="Geometry.h" />
		<Unit filename="ObjLoader.cpp" />
		<Unit filename="ObjLoader.h" />
		<Unit filename="Tokenizer.cpp" />
		<Unit filename="Tokenizer.h" />
		<Unit filename="Types.h" />
		<Unit filename="main.cpp" />
		<Extensions>
			<code_completion />
			<debugger />
		</Extensions>
	</Project>
</CodeBlocks_project_file>
